
Microsoft Visual Studio Solution File, Format Version 12.00
# Visual Studio Version 16
VisualStudioVersion = 16.0.31019.35
MinimumVisualStudioVersion = 10.0.40219.1
Project("{FAE04EC0-301F-11D3-BF4B-00C04F79EFBC}") = "Hyland", "Hyland\Hyland.csproj", "{422F69ED-40CC-4617-ADBF-6A3DB6B8FFFD}"
EndProject
Global
	GlobalSection(SolutionConfigurationPlatforms) = preSolution
		Debug|Any CPU = Debug|Any CPU
		Release|Any CPU = Release|Any CPU
	EndGlobalSection
	GlobalSection(ProjectConfigurationPlatforms) = postSolution
		{422F69ED-40CC-4617-ADBF-6A3DB6B8FFFD}.Debug|Any CPU.ActiveCfg = Debug|Any CPU
		{422F69ED-40CC-4617-ADBF-6A3DB6B8FFFD}.Debug|Any CPU.Build.0 = Debug|Any CPU
		{422F69ED-40CC-4617-ADBF-6A3DB6B8FFFD}.Release|Any CPU.ActiveCfg = Release|Any CPU
		{422F69ED-40CC-4617-ADBF-6A3DB6B8FFFD}.Release|Any CPU.Build.0 = Release|Any CPU
	EndGlobalSection
	GlobalSection(SolutionProperties) = preSolution
		HideSolutionNode = FALSE
	EndGlobalSection
	GlobalSection(ExtensibilityGlobals) = postSolution
		SolutionGuid = {B569AF63-8F3D-487B-94C6-D44F19DB827F}
	EndGlobalSection
EndGlobal
